<?xml version="1.0" encoding="utf-8"?>
<Project ToolsVersion="4.0" xmlns="http://schemas.microsoft.com/developer/msbuild/2003">
  <ItemGroup>
    <Filter Include="源文件">
      <UniqueIdentifier>{4FC737F1-C7A5-4376-A066-2A32D752A2FF}</UniqueIdentifier>
      <Extensions>cpp;c;cc;cxx;def;odl;idl;hpj;bat;asm;asmx</Extensions>
    </Filter>
    <Filter Include="头文件">
      <UniqueIdentifier>{93995380-89BD-4b04-88EB-625FBE52EBFB}</UniqueIdentifier>
      <Extensions>h;hpp;hxx;hm;inl;inc;xsd</Extensions>
    </Filter>
    <Filter Include="资源文件">
      <UniqueIdentifier>{67DA6AB6-F800-4c08-8B7A-83BB121AAD01}</UniqueIdentifier>
      <Extensions>rc;ico;cur;bmp;dlg;rc2;rct;bin;rgs;gif;jpg;jpeg;jpe;resx;tiff;tif;png;wav;mfcribbon-ms</Extensions>
    </Filter>
  </ItemGroup>
  <ItemGroup>
    <Text Include="ReadMe.txt" />
  </ItemGroup>
  <ItemGroup>
    <ClInclude Include="stdafx.h">
      <Filter>头文件</Filter>
    </ClInclude>
    <ClInclude Include="targetver.h">
      <Filter>头文件</Filter>
    </ClInclude>
    <ClInclude Include="ProteinSequence.h">
      <Filter>头文件</Filter>
    </ClInclude>
    <ClInclude Include="ListMassPeptideXcorr.h">
      <Filter>头文件</Filter>
    </ClInclude>
    <ClInclude Include="PeptideTools.h">
      <Filter>头文件</Filter>
    </ClInclude>
    <ClInclude Include="PPI.h">
      <Filter>头文件</Filter>
    </ClInclude>
    <ClInclude Include="Protein.h">
      <Filter>头文件</Filter>
    </ClInclude>
    <ClInclude Include="PeptideProtein.h">
      <Filter>头文件</Filter>
    </ClInclude>
    <ClInclude Include="AminoAcidWeight.h">
      <Filter>头文件</Filter>
    </ClInclude>
    <ClInclude Include="EnzymeProteinPeptide.h">
      <Filter>头文件</Filter>
    </ClInclude>
    <ClInclude Include="CalculateProteinProbability.h">
      <Filter>头文件</Filter>
    </ClInclude>
    <ClInclude Include="CalProteinProbUnique.h">
      <Filter>头文件</Filter>
    </ClInclude>
    <ClInclude Include="CalProteinProbShareEqual.h">
      <Filter>头文件</Filter>
    </ClInclude>
    <ClInclude Include="CalProteinProbSiblingSP.h">
      <Filter>头文件</Filter>
    </ClInclude>
    <ClInclude Include="CalProteinProbLogisticRegression.h">
      <Filter>头文件</Filter>
    </ClInclude>
    <ClInclude Include="Qvalue.h">
      <Filter>头文件</Filter>
    </ClInclude>
    <ClInclude Include="Config.h">
      <Filter>头文件</Filter>
    </ClInclude>
  </ItemGroup>
  <ItemGroup>
    <ClCompile Include="stdafx.cpp">
      <Filter>源文件</Filter>
    </ClCompile>
    <ClCompile Include="ProteinPeptideMassForLinux.cpp">
      <Filter>源文件</Filter>
    </ClCompile>
    <ClCompile Include="ProteinSequence.cpp">
      <Filter>源文件</Filter>
    </ClCompile>
    <ClCompile Include="ListMassPeptideXcorr.cpp">
      <Filter>源文件</Filter>
    </ClCompile>
    <ClCompile Include="PeptideTools.cpp">
      <Filter>源文件</Filter>
    </ClCompile>
    <ClCompile Include="PPI.cpp">
      <Filter>源文件</Filter>
    </ClCompile>
    <ClCompile Include="Protein.cpp">
      <Filter>源文件</Filter>
    </ClCompile>
    <ClCompile Include="PeptideProtein.cpp">
      <Filter>源文件</Filter>
    </ClCompile>
    <ClCompile Include="AminoAcidWeight.cpp">
      <Filter>源文件</Filter>
    </ClCompile>
    <ClCompile Include="EnzymeProteinPeptide.cpp">
      <Filter>源文件</Filter>
    </ClCompile>
    <ClCompile Include="CalculateProteinProbability.cpp">
      <Filter>源文件</Filter>
    </ClCompile>
    <ClCompile Include="CalProteinProbUnique.cpp">
      <Filter>源文件</Filter>
    </ClCompile>
    <ClCompile Include="CalProteinProbShareEqual.cpp">
      <Filter>源文件</Filter>
    </ClCompile>
    <ClCompile Include="CalProteinProbSiblingSP.cpp">
      <Filter>源文件</Filter>
    </ClCompile>
    <ClCompile Include="CalProteinProbLogisticRegression.cpp">
      <Filter>源文件</Filter>
    </ClCompile>
    <ClCompile Include="Qvalue.cpp">
      <Filter>源文件</Filter>
    </ClCompile>
    <ClCompile Include="Config.cpp">
      <Filter>源文件</Filter>
    </ClCompile>
  </ItemGroup>
</Project>